{
  "name": "woodson-values-pipeline",
  "lockfileVersion": 3,
  "requires": true,
  "packages": {
    "": {
      "name": "woodson-values-pipeline",
      "dependencies": {
        "hyparquet": "^1.31.2",
        "hyparquet-compressors": "^1.1.2"
      },
      "engines": {
        "node": ">=20"
      }
    },
    "node_modules/fzstd": {
      "version": "0.1.1",
      "resolved": "https://registry.npmjs.org/fzstd/-/fzstd-0.1.1.tgz",
      "integrity": "sha512-dkuVSOKKwh3eas5VkJy1AW1vFpet8TA/fGmVA5krThl8YcOVE/8ZIoEA1+U1vEn5ckxxhLirSdY837azmbaNHA==",
      "license": "MIT"
    },
    "node_modules/hyparquet": {
      "version": "1.31.2",
      "resolved": "https://registry.npmjs.org/hyparquet/-/hyparquet-1.31.2.tgz",
      "integrity": "sha512-dpVTCGkPPIdfDExa7YZGaJpuBTmLFDKGeZ6meHUj1mz/Q3qmaQHGLLqCyPBkQjfxrYNb08YTax682qeGO+zkVA==",
      "license": "MIT"
    },
    "node_modules/hyparquet-compressors": {
      "version": "1.1.2",
      "resolved": "https://registry.npmjs.org/hyparquet-compressors/-/hyparquet-compressors-1.1.2.tgz",
      "integrity": "sha512-0Hx6w0ZpVpNCefKy5xBYLTp6rKeZn/tsUzuliNzfKqSCdLcTQSfwATEoeedS703Y17k1qNS61HwRME5aOeNkPg==",
      "license": "MIT",
      "dependencies": {
        "fzstd": "0.1.1",
        "hysnappy": "1.1.1"
      }
    },
    "node_modules/hysnappy": {
      "version": "1.1.1",
      "resolved": "https://registry.npmjs.org/hysnappy/-/hysnappy-1.1.1.tgz",
      "integrity": "sha512-/V9XcN2NtRyWjR4LYMfvnvasVVF8jbT/ej0eofBQjZel91E3D813FQ3mQC6gDSMMTCq/FJh28XHeyqr3I/oBRw==",
      "license": "MIT"
    }
  }
}
